
Microsoft Visual Studio Solution File, Format Version 12.00
# Visual Studio Version 16
VisualStudioVersion = 16.0.30611.23
MinimumVisualStudioVersion = 10.0.40219.1
Project("{FAE04EC0-301F-11D3-BF4B-00C04F79EFBC}") = "StageCU30", "CU30_C#_x64\StageCU30.csproj", "{A705F2BC-2779-4199-AE50-9D5757BD6648}"
EndProject
Project("{FAE04EC0-301F-11D3-BF4B-00C04F79EFBC}") = "NikonCamera", "demo_winforms_csharp\NikonCamera.csproj", "{8F6CC266-4B55-4889-A2D4-02A62EB9AED3}"
EndProject
Project("{FAE04EC0-301F-11D3-BF4B-00C04F79EFBC}") = "NikonWrapper", "nikoncswrapper\NikonWrapper.csproj", "{AADE1DF5-4C46-4760-B72B-474D90336F5B}"
EndProject
Project("{2150E333-8FDC-42A3-9474-1A3956D46DE8}") = "Camera", "Camera", "{397140F1-C36C-4783-B8CF-E9B8851EF467}"
EndProject
Project("{9A19103F-16F7-4668-BE54-9A1E7A4F7556}") = "CameraAndStage", "CameraAndStage\CameraAndStage.csproj", "{1A30E928-491F-4EBF-9DB9-4CB8E58D689E}"
EndProject
Project("{FAE04EC0-301F-11D3-BF4B-00C04F79EFBC}") = "Drawing", "Drawing\Drawing.csproj", "{8744A806-320A-4464-BA9C-36C2E283E88E}"
EndProject
Project("{2150E333-8FDC-42A3-9474-1A3956D46DE8}") = "Solution Items", "Solution Items", "{022CDAEC-F5F2-46D5-A573-357F1A462973}"
	ProjectSection(SolutionItems) = preProject
		README.md = README.md
	EndProjectSection
EndProject
Global
	GlobalSection(SolutionConfigurationPlatforms) = preSolution
		Debug|Any CPU = Debug|Any CPU
		Release|Any CPU = Release|Any CPU
	EndGlobalSection
	GlobalSection(ProjectConfigurationPlatforms) = postSolution
		{A705F2BC-2779-4199-AE50-9D5757BD6648}.Debug|Any CPU.ActiveCfg = Debug|Any CPU
		{A705F2BC-2779-4199-AE50-9D5757BD6648}.Debug|Any CPU.Build.0 = Debug|Any CPU
		{A705F2BC-2779-4199-AE50-9D5757BD6648}.Release|Any CPU.ActiveCfg = Debug|Any CPU
		{A705F2BC-2779-4199-AE50-9D5757BD6648}.Release|Any CPU.Build.0 = Debug|Any CPU
		{8F6CC266-4B55-4889-A2D4-02A62EB9AED3}.Debug|Any CPU.ActiveCfg = Debug|Any CPU
		{8F6CC266-4B55-4889-A2D4-02A62EB9AED3}.Debug|Any CPU.Build.0 = Debug|Any CPU
		{8F6CC266-4B55-4889-A2D4-02A62EB9AED3}.Release|Any CPU.ActiveCfg = Debug|Any CPU
		{8F6CC266-4B55-4889-A2D4-02A62EB9AED3}.Release|Any CPU.Build.0 = Debug|Any CPU
		{AADE1DF5-4C46-4760-B72B-474D90336F5B}.Debug|Any CPU.ActiveCfg = Debug|Any CPU
		{AADE1DF5-4C46-4760-B72B-474D90336F5B}.Debug|Any CPU.Build.0 = Debug|Any CPU
		{AADE1DF5-4C46-4760-B72B-474D90336F5B}.Release|Any CPU.ActiveCfg = Debug|Any CPU
		{AADE1DF5-4C46-4760-B72B-474D90336F5B}.Release|Any CPU.Build.0 = Debug|Any CPU
		{1A30E928-491F-4EBF-9DB9-4CB8E58D689E}.Debug|Any CPU.ActiveCfg = Debug|Any CPU
		{1A30E928-491F-4EBF-9DB9-4CB8E58D689E}.Debug|Any CPU.Build.0 = Debug|Any CPU
		{1A30E928-491F-4EBF-9DB9-4CB8E58D689E}.Release|Any CPU.ActiveCfg = Release|Any CPU
		{1A30E928-491F-4EBF-9DB9-4CB8E58D689E}.Release|Any CPU.Build.0 = Release|Any CPU
		{8744A806-320A-4464-BA9C-36C2E283E88E}.Debug|Any CPU.ActiveCfg = Debug|Any CPU
		{8744A806-320A-4464-BA9C-36C2E283E88E}.Debug|Any CPU.Build.0 = Debug|Any CPU
		{8744A806-320A-4464-BA9C-36C2E283E88E}.Release|Any CPU.ActiveCfg = Release|Any CPU
		{8744A806-320A-4464-BA9C-36C2E283E88E}.Release|Any CPU.Build.0 = Release|Any CPU
	EndGlobalSection
	GlobalSection(SolutionProperties) = preSolution
		HideSolutionNode = FALSE
	EndGlobalSection
	GlobalSection(NestedProjects) = preSolution
		{8F6CC266-4B55-4889-A2D4-02A62EB9AED3} = {397140F1-C36C-4783-B8CF-E9B8851EF467}
		{AADE1DF5-4C46-4760-B72B-474D90336F5B} = {397140F1-C36C-4783-B8CF-E9B8851EF467}
	EndGlobalSection
	GlobalSection(ExtensibilityGlobals) = postSolution
		SolutionGuid = {5A1689A0-2F8C-424B-AA9C-6167C34CBB44}
	EndGlobalSection
EndGlobal
